
Microsoft Visual Studio Solution File, Format Version 12.00
# Visual Studio Version 16
VisualStudioVersion = 16.0.810.16
MinimumVisualStudioVersion = 10.0.40219.1
Project("{FAE04EC0-301F-11D3-BF4B-00C04F79EFBC}") = "WarGameXam.Android", "WarGameXam.Android\WarGameXam.Android.csproj", "{824D66E3-9CF1-4EA4-9095-761B1A862856}"
EndProject
Project("{FAE04EC0-301F-11D3-BF4B-00C04F79EFBC}") = "WarGameXam.iOS", "WarGameXam.iOS\WarGameXam.iOS.csproj", "{82637FD6-5EC7-419B-ABA9-B956996904D8}"
EndProject
Project("{FAE04EC0-301F-11D3-BF4B-00C04F79EFBC}") = "WarGameXam", "WarGameXam\WarGameXam.csproj", "{EE638C09-3D22-4BBF-8C62-AC78D88A1119}"
EndProject
Global
	GlobalSection(SolutionConfigurationPlatforms) = preSolution
		Debug|Any CPU = Debug|Any CPU
		Release|Any CPU = Release|Any CPU
		Debug|iPhoneSimulator = Debug|iPhoneSimulator
		Release|iPhoneSimulator = Release|iPhoneSimulator
		Debug|iPhone = Debug|iPhone
		Release|iPhone = Release|iPhone
	EndGlobalSection
	GlobalSection(ProjectConfigurationPlatforms) = postSolution
		{824D66E3-9CF1-4EA4-9095-761B1A862856}.Debug|Any CPU.ActiveCfg = Debug|Any CPU
		{824D66E3-9CF1-4EA4-9095-761B1A862856}.Debug|Any CPU.Build.0 = Debug|Any CPU
		{824D66E3-9CF1-4EA4-9095-761B1A862856}.Release|Any CPU.ActiveCfg = Release|Any CPU
		{824D66E3-9CF1-4EA4-9095-761B1A862856}.Release|Any CPU.Build.0 = Release|Any CPU
		{824D66E3-9CF1-4EA4-9095-761B1A862856}.Debug|iPhoneSimulator.ActiveCfg = Debug|Any CPU
		{824D66E3-9CF1-4EA4-9095-761B1A862856}.Debug|iPhoneSimulator.Build.0 = Debug|Any CPU
		{824D66E3-9CF1-4EA4-9095-761B1A862856}.Release|iPhoneSimulator.ActiveCfg = Release|Any CPU
		{824D66E3-9CF1-4EA4-9095-761B1A862856}.Release|iPhoneSimulator.Build.0 = Release|Any CPU
		{824D66E3-9CF1-4EA4-9095-761B1A862856}.Debug|iPhone.ActiveCfg = Debug|Any CPU
		{824D66E3-9CF1-4EA4-9095-761B1A862856}.Debug|iPhone.Build.0 = Debug|Any CPU
		{824D66E3-9CF1-4EA4-9095-761B1A862856}.Release|iPhone.ActiveCfg = Release|Any CPU
		{824D66E3-9CF1-4EA4-9095-761B1A862856}.Release|iPhone.Build.0 = Release|Any CPU
		{82637FD6-5EC7-419B-ABA9-B956996904D8}.Debug|Any CPU.ActiveCfg = Debug|iPhoneSimulator
		{82637FD6-5EC7-419B-ABA9-B956996904D8}.Debug|Any CPU.Build.0 = Debug|iPhoneSimulator
		{82637FD6-5EC7-419B-ABA9-B956996904D8}.Release|Any CPU.ActiveCfg = Release|iPhoneSimulator
		{82637FD6-5EC7-419B-ABA9-B956996904D8}.Release|Any CPU.Build.0 = Release|iPhoneSimulator
		{82637FD6-5EC7-419B-ABA9-B956996904D8}.Debug|iPhoneSimulator.ActiveCfg = Debug|iPhoneSimulator
		{82637FD6-5EC7-419B-ABA9-B956996904D8}.Debug|iPhoneSimulator.Build.0 = Debug|iPhoneSimulator
		{82637FD6-5EC7-419B-ABA9-B956996904D8}.Release|iPhoneSimulator.ActiveCfg = Release|iPhoneSimulator
		{82637FD6-5EC7-419B-ABA9-B956996904D8}.Release|iPhoneSimulator.Build.0 = Release|iPhoneSimulator
		{82637FD6-5EC7-419B-ABA9-B956996904D8}.Debug|iPhone.ActiveCfg = Debug|iPhone
		{82637FD6-5EC7-419B-ABA9-B956996904D8}.Debug|iPhone.Build.0 = Debug|iPhone
		{82637FD6-5EC7-419B-ABA9-B956996904D8}.Release|iPhone.ActiveCfg = Release|iPhone
		{82637FD6-5EC7-419B-ABA9-B956996904D8}.Release|iPhone.Build.0 = Release|iPhone
		{EE638C09-3D22-4BBF-8C62-AC78D88A1119}.Debug|Any CPU.ActiveCfg = Debug|Any CPU
		{EE638C09-3D22-4BBF-8C62-AC78D88A1119}.Debug|Any CPU.Build.0 = Debug|Any CPU
		{EE638C09-3D22-4BBF-8C62-AC78D88A1119}.Release|Any CPU.ActiveCfg = Release|Any CPU
		{EE638C09-3D22-4BBF-8C62-AC78D88A1119}.Release|Any CPU.Build.0 = Release|Any CPU
		{EE638C09-3D22-4BBF-8C62-AC78D88A1119}.Debug|iPhoneSimulator.ActiveCfg = Debug|Any CPU
		{EE638C09-3D22-4BBF-8C62-AC78D88A1119}.Debug|iPhoneSimulator.Build.0 = Debug|Any CPU
		{EE638C09-3D22-4BBF-8C62-AC78D88A1119}.Release|iPhoneSimulator.ActiveCfg = Release|Any CPU
		{EE638C09-3D22-4BBF-8C62-AC78D88A1119}.Release|iPhoneSimulator.Build.0 = Release|Any CPU
		{EE638C09-3D22-4BBF-8C62-AC78D88A1119}.Debug|iPhone.ActiveCfg = Debug|Any CPU
		{EE638C09-3D22-4BBF-8C62-AC78D88A1119}.Debug|iPhone.Build.0 = Debug|Any CPU
		{EE638C09-3D22-4BBF-8C62-AC78D88A1119}.Release|iPhone.ActiveCfg = Release|Any CPU
		{EE638C09-3D22-4BBF-8C62-AC78D88A1119}.Release|iPhone.Build.0 = Release|Any CPU
	EndGlobalSection
	GlobalSection(SolutionProperties) = preSolution
		HideSolutionNode = FALSE
	EndGlobalSection
	GlobalSection(ExtensibilityGlobals) = postSolution
		SolutionGuid = {C2F3BC16-BF5F-42CC-B64D-7D04A8E4F6CF}
	EndGlobalSection
EndGlobal
